{
  "version": 4,
  "terraform_version": "1.10.3",
  "serial": 25,
  "lineage": "3f9cce09-71cb-20e0-bc4d-6fe58d7c4084",
  "outputs": {},
  "resources": [
    {
      "mode": "managed",
      "type": "azurerm_application_insights",
      "name": "appli-insight-prod",
      "provider": "provider[\"registry.terraform.io/hashicorp/azurerm\"]",
      "instances": [
        {
          "schema_version": 2,
          "attributes": {
            "app_id": "11b4aaa1-b18d-4174-a40a-ecce9f7c105c",
            "application_type": "web",
            "connection_string": "InstrumentationKey=4cb6403a-345d-4f6d-8277-8451b918dbca;IngestionEndpoint=https://eastus-8.in.applicationinsights.azure.com/;LiveEndpoint=https://eastus.livediagnostics.monitor.azure.com/;ApplicationId=11b4aaa1-b18d-4174-a40a-ecce9f7c105c",
            "daily_data_cap_in_gb": 100,
            "daily_data_cap_notifications_disabled": false,
            "disable_ip_masking": false,
            "force_customer_storage_for_profiler": false,
            "id": "/subscriptions/3313d9a6-ee55-4679-b244-97e3bd4facc0/resourceGroups/rg-unique-stud/providers/Microsoft.Insights/components/equipe5-prod-app-insights",
            "instrumentation_key": "4cb6403a-345d-4f6d-8277-8451b918dbca",
            "internet_ingestion_enabled": true,
            "internet_query_enabled": true,
            "local_authentication_disabled": false,
            "location": "eastus",
            "name": "equipe5-prod-app-insights",
            "resource_group_name": "rg-unique-stud",
            "retention_in_days": 90,
            "sampling_percentage": 100,
            "tags": {},
            "timeouts": null,
            "workspace_id": "/subscriptions/3313d9a6-ee55-4679-b244-97e3bd4facc0/resourceGroups/rg-unique-stud/providers/Microsoft.OperationalInsights/workspaces/workspace-equipe5-prod"
          },
          "sensitive_attributes": [
            [
              {
                "type": "get_attr",
                "value": "connection_string"
              }
            ],
            [
              {
                "type": "get_attr",
                "value": "instrumentation_key"
              }
            ]
          ],
          "private": "eyJlMmJmYjczMC1lY2FhLTExZTYtOGY4OC0zNDM2M2JjN2M0YzAiOnsiY3JlYXRlIjozNjAwMDAwMDAwMDAwLCJkZWxldGUiOjE4MDAwMDAwMDAwMDAsInJlYWQiOjMwMDAwMDAwMDAwMCwidXBkYXRlIjoxODAwMDAwMDAwMDAwfSwic2NoZW1hX3ZlcnNpb24iOiIyIn0=",
          "dependencies": [
            "azurerm_log_analytics_workspace.log_analytics_workspace_equipe5_prod",
            "azurerm_resource_group.rg",
            "random_pet.rg_name"
          ]
        }
      ]
    },
    {
      "mode": "managed",
      "type": "azurerm_container_group",
      "name": "container",
      "provider": "provider[\"registry.terraform.io/hashicorp/azurerm\"]",
      "instances": [
        {
          "schema_version": 0,
          "attributes": {
            "container": [
              {
                "commands": [],
                "cpu": 1,
                "cpu_limit": 2,
                "environment_variables": {
                  "APPLICATIONINSIGHTS_CONNECTION_STRING": "4cb6403a-345d-4f6d-8277-8451b918dbca",
                  "FRONTEND_PORT": "9090",
                  "FRONTEND_URL": "http://equipe5-prod.eastus.azurecontainer.io"
                },
                "gpu": [],
                "gpu_limit": [],
                "image": "equipe5registryprod.azurecr.io/back:v2.0.1",
                "liveness_probe": [],
                "memory": 2,
                "memory_limit": 3,
                "name": "aci-b1arm11yex6qwq6w3p3677wiw",
                "ports": [
                  {
                    "port": 8080,
                    "protocol": "TCP"
                  }
                ],
                "readiness_probe": [],
                "secure_environment_variables": null,
                "security": [],
                "volume": []
              },
              {
                "commands": [],
                "cpu": 1,
                "cpu_limit": 2,
                "environment_variables": null,
                "gpu": [],
                "gpu_limit": [],
                "image": "equipe5registryprod.azurecr.io/front:v2.0.1",
                "liveness_probe": [],
                "memory": 2,
                "memory_limit": 3,
                "name": "aci-tqktd3jvt8hyj5pt9p7qqy10k",
                "ports": [
                  {
                    "port": 9090,
                    "protocol": "TCP"
                  }
                ],
                "readiness_probe": [],
                "secure_environment_variables": null,
                "security": [],
                "volume": []
              }
            ],
            "diagnostics": [],
            "dns_config": [],
            "dns_name_label": "equipe5-prod",
            "dns_name_label_reuse_policy": "Unsecure",
            "exposed_port": [
              {
                "port": 8080,
                "protocol": "TCP"
              },
              {
                "port": 9090,
                "protocol": "TCP"
              }
            ],
            "fqdn": "equipe5-prod.eastus.azurecontainer.io",
            "id": "/subscriptions/3313d9a6-ee55-4679-b244-97e3bd4facc0/resourceGroups/rg-unique-stud/providers/Microsoft.ContainerInstance/containerGroups/prod-container-b1arm11yex6qwq6w3p3677wiw",
            "identity": [],
            "image_registry_credential": [
              {
                "password": "ryufsYZSymYucjb9JTd5/zVY8JZn1buSOi5UAu9vwg+ACRAGGJ5M",
                "server": "equipe5registryprod.azurecr.io",
                "user_assigned_identity_id": "",
                "username": "equipe5registryprod"
              }
            ],
            "init_container": [],
            "ip_address": "20.241.231.232",
            "ip_address_type": "Public",
            "key_vault_key_id": null,
            "key_vault_user_assigned_identity_id": null,
            "location": "eastus",
            "name": "prod-container-b1arm11yex6qwq6w3p3677wiw",
            "network_profile_id": null,
            "os_type": "Linux",
            "priority": "",
            "resource_group_name": "rg-unique-stud",
            "restart_policy": "Always",
            "sku": "Standard",
            "subnet_ids": null,
            "tags": null,
            "timeouts": null,
            "zones": null
          },
          "sensitive_attributes": [
            [
              {
                "type": "get_attr",
                "value": "container"
              },
              {
                "type": "index",
                "value": {
                  "value": 0,
                  "type": "number"
                }
              },
              {
                "type": "get_attr",
                "value": "secure_environment_variables"
              }
            ],
            [
              {
                "type": "get_attr",
                "value": "container"
              },
              {
                "type": "index",
                "value": {
                  "value": 0,
                  "type": "number"
                }
              },
              {
                "type": "get_attr",
                "value": "environment_variables"
              },
              {
                "type": "index",
                "value": {
                  "value": "APPLICATIONINSIGHTS_CONNECTION_STRING",
                  "type": "string"
                }
              }
            ],
            [
              {
                "type": "get_attr",
                "value": "container"
              },
              {
                "type": "index",
                "value": {
                  "value": 1,
                  "type": "number"
                }
              },
              {
                "type": "get_attr",
                "value": "secure_environment_variables"
              }
            ],
            [
              {
                "type": "get_attr",
                "value": "image_registry_credential"
              },
              {
                "type": "index",
                "value": {
                  "value": 0,
                  "type": "number"
                }
              },
              {
                "type": "get_attr",
                "value": "password"
              }
            ]
          ],
          "private": "eyJlMmJmYjczMC1lY2FhLTExZTYtOGY4OC0zNDM2M2JjN2M0YzAiOnsiY3JlYXRlIjozNjAwMDAwMDAwMDAwLCJkZWxldGUiOjE4MDAwMDAwMDAwMDAsInJlYWQiOjMwMDAwMDAwMDAwMCwidXBkYXRlIjoxODAwMDAwMDAwMDAwfX0=",
          "dependencies": [
            "azurerm_application_insights.appli-insight-prod",
            "azurerm_container_registry.acr_equipe5_prod",
            "azurerm_log_analytics_workspace.log_analytics_workspace_equipe5_prod",
            "azurerm_resource_group.rg",
            "random_pet.rg_name",
            "random_string.container_name",
            "random_string.container_name2"
          ]
        }
      ]
    },
    {
      "mode": "managed",
      "type": "azurerm_container_registry",
      "name": "acr_equipe5_prod",
      "provider": "provider[\"registry.terraform.io/hashicorp/azurerm\"]",
      "instances": [
        {
          "schema_version": 2,
          "attributes": {
            "admin_enabled": true,
            "admin_password": "ryufsYZSymYucjb9JTd5/zVY8JZn1buSOi5UAu9vwg+ACRAGGJ5M",
            "admin_username": "equipe5registryprod",
            "anonymous_pull_enabled": false,
            "data_endpoint_enabled": false,
            "encryption": [
              {
                "enabled": false,
                "identity_client_id": "",
                "key_vault_key_id": ""
              }
            ],
            "export_policy_enabled": true,
            "georeplications": [],
            "id": "/subscriptions/3313d9a6-ee55-4679-b244-97e3bd4facc0/resourceGroups/rg-unique-stud/providers/Microsoft.ContainerRegistry/registries/equipe5registryprod",
            "identity": [],
            "location": "eastus",
            "login_server": "equipe5registryprod.azurecr.io",
            "name": "equipe5registryprod",
            "network_rule_bypass_option": "AzureServices",
            "network_rule_set": [],
            "public_network_access_enabled": true,
            "quarantine_policy_enabled": false,
            "resource_group_name": "rg-unique-stud",
            "retention_policy": [
              {
                "days": 7,
                "enabled": false
              }
            ],
            "sku": "Basic",
            "tags": {},
            "timeouts": null,
            "trust_policy": [
              {
                "enabled": false
              }
            ],
            "zone_redundancy_enabled": false
          },
          "sensitive_attributes": [
            [
              {
                "type": "get_attr",
                "value": "admin_password"
              }
            ]
          ],
          "private": "eyJlMmJmYjczMC1lY2FhLTExZTYtOGY4OC0zNDM2M2JjN2M0YzAiOnsiY3JlYXRlIjoxODAwMDAwMDAwMDAwLCJkZWxldGUiOjE4MDAwMDAwMDAwMDAsInJlYWQiOjMwMDAwMDAwMDAwMCwidXBkYXRlIjoxODAwMDAwMDAwMDAwfSwic2NoZW1hX3ZlcnNpb24iOiIyIn0=",
          "dependencies": [
            "azurerm_resource_group.rg",
            "random_pet.rg_name"
          ]
        }
      ]
    },
    {
      "mode": "managed",
      "type": "azurerm_log_analytics_workspace",
      "name": "log_analytics_workspace_equipe5_prod",
      "provider": "provider[\"registry.terraform.io/hashicorp/azurerm\"]",
      "instances": [
        {
          "schema_version": 3,
          "attributes": {
            "allow_resource_only_permissions": true,
            "cmk_for_query_forced": false,
            "daily_quota_gb": -1,
            "data_collection_rule_id": "",
            "id": "/subscriptions/3313d9a6-ee55-4679-b244-97e3bd4facc0/resourceGroups/rg-unique-stud/providers/Microsoft.OperationalInsights/workspaces/workspace-equipe5-prod",
            "identity": [],
            "immediate_data_purge_on_30_days_enabled": false,
            "internet_ingestion_enabled": true,
            "internet_query_enabled": true,
            "local_authentication_disabled": false,
            "location": "eastus",
            "name": "workspace-equipe5-prod",
            "primary_shared_key": "Reb8TYN8ScJ5ciSCUJyUOOeV2/+/PfNm6s15Qxc4t17v3LMEIG2wg/Nha85m0nV7Q5M0YgI6b9VBeSLvraeA7g==",
            "reservation_capacity_in_gb_per_day": null,
            "resource_group_name": "rg-unique-stud",
            "retention_in_days": 30,
            "secondary_shared_key": "8ptEs3Jhs1n+x760XlvS9CJS+WGhg85/pXvKIgl/XV9Rmi1PvGgElbhmr2CN2otYgZaYVcHrmkFoK2PlUHsilg==",
            "sku": "PerGB2018",
            "tags": {},
            "timeouts": null,
            "workspace_id": "951b4539-9db0-47d5-b8f0-ac2603dbe4e5"
          },
          "sensitive_attributes": [
            [
              {
                "type": "get_attr",
                "value": "primary_shared_key"
              }
            ],
            [
              {
                "type": "get_attr",
                "value": "secondary_shared_key"
              }
            ]
          ],
          "private": "eyJlMmJmYjczMC1lY2FhLTExZTYtOGY4OC0zNDM2M2JjN2M0YzAiOnsiY3JlYXRlIjoxODAwMDAwMDAwMDAwLCJkZWxldGUiOjE4MDAwMDAwMDAwMDAsInJlYWQiOjMwMDAwMDAwMDAwMCwidXBkYXRlIjoxODAwMDAwMDAwMDAwfSwic2NoZW1hX3ZlcnNpb24iOiIzIn0=",
          "dependencies": [
            "azurerm_resource_group.rg",
            "random_pet.rg_name"
          ]
        }
      ]
    },
    {
      "mode": "managed",
      "type": "azurerm_resource_group",
      "name": "rg",
      "provider": "provider[\"registry.terraform.io/hashicorp/azurerm\"]",
      "instances": [
        {
          "schema_version": 0,
          "attributes": {
            "id": "/subscriptions/3313d9a6-ee55-4679-b244-97e3bd4facc0/resourceGroups/rg-unique-stud",
            "location": "eastus",
            "managed_by": "",
            "name": "rg-unique-stud",
            "tags": {},
            "timeouts": null
          },
          "sensitive_attributes": [],
          "private": "eyJlMmJmYjczMC1lY2FhLTExZTYtOGY4OC0zNDM2M2JjN2M0YzAiOnsiY3JlYXRlIjo1NDAwMDAwMDAwMDAwLCJkZWxldGUiOjU0MDAwMDAwMDAwMDAsInJlYWQiOjMwMDAwMDAwMDAwMCwidXBkYXRlIjo1NDAwMDAwMDAwMDAwfX0=",
          "dependencies": [
            "random_pet.rg_name"
          ]
        }
      ]
    },
    {
      "mode": "managed",
      "type": "random_pet",
      "name": "rg_name",
      "provider": "provider[\"registry.terraform.io/hashicorp/random\"]",
      "instances": [
        {
          "schema_version": 0,
          "attributes": {
            "id": "rg-unique-stud",
            "keepers": null,
            "length": 2,
            "prefix": "rg",
            "separator": "-"
          },
          "sensitive_attributes": []
        }
      ]
    },
    {
      "mode": "managed",
      "type": "random_string",
      "name": "container_name",
      "provider": "provider[\"registry.terraform.io/hashicorp/random\"]",
      "instances": [
        {
          "schema_version": 2,
          "attributes": {
            "id": "b1arm11yex6qwq6w3p3677wiw",
            "keepers": null,
            "length": 25,
            "lower": true,
            "min_lower": 0,
            "min_numeric": 0,
            "min_special": 0,
            "min_upper": 0,
            "number": true,
            "numeric": true,
            "override_special": null,
            "result": "b1arm11yex6qwq6w3p3677wiw",
            "special": false,
            "upper": false
          },
          "sensitive_attributes": []
        }
      ]
    },
    {
      "mode": "managed",
      "type": "random_string",
      "name": "container_name2",
      "provider": "provider[\"registry.terraform.io/hashicorp/random\"]",
      "instances": [
        {
          "schema_version": 2,
          "attributes": {
            "id": "tqktd3jvt8hyj5pt9p7qqy10k",
            "keepers": null,
            "length": 25,
            "lower": true,
            "min_lower": 0,
            "min_numeric": 0,
            "min_special": 0,
            "min_upper": 0,
            "number": true,
            "numeric": true,
            "override_special": null,
            "result": "tqktd3jvt8hyj5pt9p7qqy10k",
            "special": false,
            "upper": false
          },
          "sensitive_attributes": []
        }
      ]
    }
  ],
  "check_results": [
    {
      "object_kind": "var",
      "config_addr": "var.restart_policy",
      "status": "pass",
      "objects": [
        {
          "object_addr": "var.restart_policy",
          "status": "pass"
        }
      ]
    }
  ]
}
