{
  "version": 4,
  "terraform_version": "1.10.3",
  "serial": 14,
  "lineage": "7633d95f-c3d4-2b7c-f78a-992720d5aa2c",
  "outputs": {
    "acr_login_server": {
      "value": "equipe5registry.azurecr.io",
      "type": "string"
    },
    "acr_password": {
      "value": "P5c1agH9jZgtGcFXx2x+GbmCIUHSCCmi6OQS6xxhNC+ACRC5jlu/",
      "type": "string",
      "sensitive": true
    },
    "acr_username": {
      "value": "equipe5registry",
      "type": "string"
    },
    "container_ipv4_address": {
      "value": "20.232.75.103",
      "type": "string"
    }
  },
  "resources": [
    {
      "mode": "managed",
      "type": "azurerm_container_group",
      "name": "container",
      "provider": "provider[\"registry.terraform.io/hashicorp/azurerm\"]",
      "instances": [
        {
          "schema_version": 0,
          "attributes": {
            "container": [
              {
                "commands": [],
                "cpu": 1,
                "cpu_limit": 0,
                "environment_variables": null,
                "gpu": [],
                "gpu_limit": [],
                "image": "equipe5registry.azurecr.io/back:f5df9d69d6439a0910d53d5f28baac0f4dd704cc",
                "liveness_probe": [],
                "memory": 2,
                "memory_limit": 0,
                "name": "aci-u8ih4reqw8z1eay1m49gynokw",
                "ports": [
                  {
                    "port": 8080,
                    "protocol": "TCP"
                  }
                ],
                "readiness_probe": [],
                "secure_environment_variables": null,
                "security": [],
                "volume": []
              }
            ],
            "diagnostics": [],
            "dns_config": [],
            "dns_name_label": "equipe5-label",
            "dns_name_label_reuse_policy": "Unsecure",
            "exposed_port": [
              {
                "port": 8080,
                "protocol": "TCP"
              }
            ],
            "fqdn": "equipe5-label.eastus.azurecontainer.io",
            "id": "/subscriptions/6f1a100b-3a6b-49ce-8651-3320f9f2ddcd/resourceGroups/rg-regular-mule/providers/Microsoft.ContainerInstance/containerGroups/dev-container-u8ih4reqw8z1eay1m49gynokw",
            "identity": [],
            "image_registry_credential": [
              {
                "password": "P5c1agH9jZgtGcFXx2x+GbmCIUHSCCmi6OQS6xxhNC+ACRC5jlu/",
                "server": "equipe5registry.azurecr.io",
                "user_assigned_identity_id": "",
                "username": "equipe5registry"
              }
            ],
            "init_container": [],
            "ip_address": "20.232.75.103",
            "ip_address_type": "Public",
            "key_vault_key_id": null,
            "key_vault_user_assigned_identity_id": null,
            "location": "eastus",
            "name": "dev-container-u8ih4reqw8z1eay1m49gynokw",
            "network_profile_id": null,
            "os_type": "Linux",
            "priority": "",
            "resource_group_name": "rg-regular-mule",
            "restart_policy": "Always",
            "sku": "Standard",
            "subnet_ids": null,
            "tags": null,
            "timeouts": null,
            "zones": null
          },
          "sensitive_attributes": [
            [
              {
                "type": "get_attr",
                "value": "container"
              },
              {
                "type": "index",
                "value": {
                  "value": 0,
                  "type": "number"
                }
              },
              {
                "type": "get_attr",
                "value": "secure_environment_variables"
              }
            ],
            [
              {
                "type": "get_attr",
                "value": "image_registry_credential"
              },
              {
                "type": "index",
                "value": {
                  "value": 0,
                  "type": "number"
                }
              },
              {
                "type": "get_attr",
                "value": "password"
              }
            ]
          ],
          "private": "eyJlMmJmYjczMC1lY2FhLTExZTYtOGY4OC0zNDM2M2JjN2M0YzAiOnsiY3JlYXRlIjozNjAwMDAwMDAwMDAwLCJkZWxldGUiOjE4MDAwMDAwMDAwMDAsInJlYWQiOjMwMDAwMDAwMDAwMCwidXBkYXRlIjoxODAwMDAwMDAwMDAwfX0=",
          "dependencies": [
            "azurerm_container_registry.acr_equipe5",
            "azurerm_resource_group.rg",
            "random_pet.rg_name",
            "random_string.container_name"
          ]
        }
      ]
    },
    {
      "mode": "managed",
      "type": "azurerm_container_registry",
      "name": "acr_equipe5",
      "provider": "provider[\"registry.terraform.io/hashicorp/azurerm\"]",
      "instances": [
        {
          "schema_version": 2,
          "attributes": {
            "admin_enabled": true,
            "admin_password": "P5c1agH9jZgtGcFXx2x+GbmCIUHSCCmi6OQS6xxhNC+ACRC5jlu/",
            "admin_username": "equipe5registry",
            "anonymous_pull_enabled": false,
            "data_endpoint_enabled": false,
            "encryption": [
              {
                "enabled": false,
                "identity_client_id": "",
                "key_vault_key_id": ""
              }
            ],
            "export_policy_enabled": true,
            "georeplications": [],
            "id": "/subscriptions/6f1a100b-3a6b-49ce-8651-3320f9f2ddcd/resourceGroups/rg-regular-mule/providers/Microsoft.ContainerRegistry/registries/equipe5registry",
            "identity": [],
            "location": "eastus",
            "login_server": "equipe5registry.azurecr.io",
            "name": "equipe5registry",
            "network_rule_bypass_option": "AzureServices",
            "network_rule_set": [],
            "public_network_access_enabled": true,
            "quarantine_policy_enabled": false,
            "resource_group_name": "rg-regular-mule",
            "retention_policy": [
              {
                "days": 7,
                "enabled": false
              }
            ],
            "sku": "Basic",
            "tags": {},
            "timeouts": null,
            "trust_policy": [
              {
                "enabled": false
              }
            ],
            "zone_redundancy_enabled": false
          },
          "sensitive_attributes": [
            [
              {
                "type": "get_attr",
                "value": "admin_password"
              }
            ]
          ],
          "private": "eyJlMmJmYjczMC1lY2FhLTExZTYtOGY4OC0zNDM2M2JjN2M0YzAiOnsiY3JlYXRlIjoxODAwMDAwMDAwMDAwLCJkZWxldGUiOjE4MDAwMDAwMDAwMDAsInJlYWQiOjMwMDAwMDAwMDAwMCwidXBkYXRlIjoxODAwMDAwMDAwMDAwfSwic2NoZW1hX3ZlcnNpb24iOiIyIn0=",
          "dependencies": [
            "azurerm_resource_group.rg",
            "random_pet.rg_name"
          ]
        }
      ]
    },
    {
      "mode": "managed",
      "type": "azurerm_resource_group",
      "name": "rg",
      "provider": "provider[\"registry.terraform.io/hashicorp/azurerm\"]",
      "instances": [
        {
          "schema_version": 0,
          "attributes": {
            "id": "/subscriptions/6f1a100b-3a6b-49ce-8651-3320f9f2ddcd/resourceGroups/rg-regular-mule",
            "location": "eastus",
            "managed_by": "",
            "name": "rg-regular-mule",
            "tags": {},
            "timeouts": null
          },
          "sensitive_attributes": [],
          "private": "eyJlMmJmYjczMC1lY2FhLTExZTYtOGY4OC0zNDM2M2JjN2M0YzAiOnsiY3JlYXRlIjo1NDAwMDAwMDAwMDAwLCJkZWxldGUiOjU0MDAwMDAwMDAwMDAsInJlYWQiOjMwMDAwMDAwMDAwMCwidXBkYXRlIjo1NDAwMDAwMDAwMDAwfX0=",
          "dependencies": [
            "random_pet.rg_name"
          ]
        }
      ]
    },
    {
      "mode": "managed",
      "type": "random_pet",
      "name": "rg_name",
      "provider": "provider[\"registry.terraform.io/hashicorp/random\"]",
      "instances": [
        {
          "schema_version": 0,
          "attributes": {
            "id": "rg-regular-mule",
            "keepers": null,
            "length": 2,
            "prefix": "rg",
            "separator": "-"
          },
          "sensitive_attributes": []
        }
      ]
    },
    {
      "mode": "managed",
      "type": "random_string",
      "name": "container_name",
      "provider": "provider[\"registry.terraform.io/hashicorp/random\"]",
      "instances": [
        {
          "schema_version": 2,
          "attributes": {
            "id": "u8ih4reqw8z1eay1m49gynokw",
            "keepers": null,
            "length": 25,
            "lower": true,
            "min_lower": 0,
            "min_numeric": 0,
            "min_special": 0,
            "min_upper": 0,
            "number": true,
            "numeric": true,
            "override_special": null,
            "result": "u8ih4reqw8z1eay1m49gynokw",
            "special": false,
            "upper": false
          },
          "sensitive_attributes": []
        }
      ]
    }
  ],
  "check_results": [
    {
      "object_kind": "var",
      "config_addr": "var.restart_policy",
      "status": "pass",
      "objects": [
        {
          "object_addr": "var.restart_policy",
          "status": "pass"
        }
      ]
    }
  ]
}
