{
  "version": 4,
  "terraform_version": "1.10.3",
  "serial": 119,
  "lineage": "17982089-91e1-286b-7703-adf93b74c50f",
  "outputs": {
    "fqdn": {
      "value": "equipe5-dev.eastus.azurecontainer.io",
      "type": "string"
    }
  },
  "resources": [
    {
      "mode": "managed",
      "type": "azurerm_application_insights",
      "name": "appli-insight-dev",
      "provider": "provider[\"registry.terraform.io/hashicorp/azurerm\"]",
      "instances": [
        {
          "schema_version": 2,
          "attributes": {
            "app_id": "84e3ae41-3929-42d5-a3f0-9bd34e52a5d9",
            "application_type": "web",
            "connection_string": "InstrumentationKey=6d340602-e925-40eb-b674-3ffa3635f70f;IngestionEndpoint=https://eastus-0.in.applicationinsights.azure.com/;LiveEndpoint=https://eastus.livediagnostics.monitor.azure.com/;ApplicationId=84e3ae41-3929-42d5-a3f0-9bd34e52a5d9",
            "daily_data_cap_in_gb": 100,
            "daily_data_cap_notifications_disabled": false,
            "disable_ip_masking": false,
            "force_customer_storage_for_profiler": false,
            "id": "/subscriptions/3313d9a6-ee55-4679-b244-97e3bd4facc0/resourceGroups/rg-hardy-mustang/providers/Microsoft.Insights/components/equipe5-dev-app-insights",
            "instrumentation_key": "6d340602-e925-40eb-b674-3ffa3635f70f",
            "internet_ingestion_enabled": true,
            "internet_query_enabled": true,
            "local_authentication_disabled": false,
            "location": "eastus",
            "name": "equipe5-dev-app-insights",
            "resource_group_name": "rg-hardy-mustang",
            "retention_in_days": 90,
            "sampling_percentage": 100,
            "tags": {},
            "timeouts": null,
            "workspace_id": "/subscriptions/3313d9a6-ee55-4679-b244-97e3bd4facc0/resourceGroups/rg-hardy-mustang/providers/Microsoft.OperationalInsights/workspaces/workspace-equipe5-dev"
          },
          "sensitive_attributes": [
            [
              {
                "type": "get_attr",
                "value": "instrumentation_key"
              }
            ],
            [
              {
                "type": "get_attr",
                "value": "connection_string"
              }
            ]
          ],
          "private": "eyJlMmJmYjczMC1lY2FhLTExZTYtOGY4OC0zNDM2M2JjN2M0YzAiOnsiY3JlYXRlIjozNjAwMDAwMDAwMDAwLCJkZWxldGUiOjE4MDAwMDAwMDAwMDAsInJlYWQiOjMwMDAwMDAwMDAwMCwidXBkYXRlIjoxODAwMDAwMDAwMDAwfSwic2NoZW1hX3ZlcnNpb24iOiIyIn0=",
          "dependencies": [
            "azurerm_log_analytics_workspace.log_analytics_workspace_equipe5_dev",
            "azurerm_resource_group.rg",
            "random_pet.rg_name"
          ]
        }
      ]
    },
    {
      "mode": "managed",
      "type": "azurerm_container_group",
      "name": "container",
      "provider": "provider[\"registry.terraform.io/hashicorp/azurerm\"]",
      "instances": [
        {
          "schema_version": 0,
          "attributes": {
            "container": [
              {
                "commands": [],
                "cpu": 1,
                "cpu_limit": 2,
                "environment_variables": {
                  "APPLICATIONINSIGHTS_CONNECTION_STRING": "6d340602-e925-40eb-b674-3ffa3635f70f",
                  "FRONTEND_PORT": "9090",
                  "FRONTEND_URL": "http://equipe5-dev.eastus.azurecontainer.io"
                },
                "image": "equipe5registry.azurecr.io/back:6064ef9689a191f5cf1b97c7e751e97b193a55a5",
                "liveness_probe": [],
                "memory": 2,
                "memory_limit": 3,
                "name": "aci-c2y5iuu6lhy9bvj1sixcky83y",
                "ports": [
                  {
                    "port": 8080,
                    "protocol": "TCP"
                  }
                ],
                "readiness_probe": [],
                "secure_environment_variables": null,
                "security": [],
                "volume": []
              },
              {
                "commands": [],
                "cpu": 1,
                "cpu_limit": 0,
                "environment_variables": null,
                "image": "equipe5registry.azurecr.io/front:6064ef9689a191f5cf1b97c7e751e97b193a55a5",
                "liveness_probe": [],
                "memory": 2,
                "memory_limit": 0,
                "name": "aci-766myqm1xs1inl2wf8afhbzym",
                "ports": [
                  {
                    "port": 9090,
                    "protocol": "TCP"
                  }
                ],
                "readiness_probe": [],
                "secure_environment_variables": null,
                "security": [],
                "volume": []
              }
            ],
            "diagnostics": [],
            "dns_config": [],
            "dns_name_label": "equipe5-dev",
            "dns_name_label_reuse_policy": "Unsecure",
            "exposed_port": [
              {
                "port": 8080,
                "protocol": "TCP"
              },
              {
                "port": 9090,
                "protocol": "TCP"
              }
            ],
            "fqdn": "equipe5-dev.eastus.azurecontainer.io",
            "id": "/subscriptions/3313d9a6-ee55-4679-b244-97e3bd4facc0/resourceGroups/rg-hardy-mustang/providers/Microsoft.ContainerInstance/containerGroups/dev-container-c2y5iuu6lhy9bvj1sixcky83y",
            "identity": [],
            "image_registry_credential": [
              {
                "password": "otTwilZD5RpWQABrx6OLaF8XY1lu7KXsuFwS2I1e51+ACRDFWVQq",
                "server": "equipe5registry.azurecr.io",
                "user_assigned_identity_id": "",
                "username": "equipe5registry"
              }
            ],
            "init_container": [],
            "ip_address": "4.255.52.171",
            "ip_address_type": "Public",
            "key_vault_key_id": null,
            "key_vault_user_assigned_identity_id": null,
            "location": "eastus",
            "name": "dev-container-c2y5iuu6lhy9bvj1sixcky83y",
            "network_profile_id": null,
            "os_type": "Linux",
            "priority": "",
            "resource_group_name": "rg-hardy-mustang",
            "restart_policy": "Always",
            "sku": "Standard",
            "subnet_ids": null,
            "tags": null,
            "timeouts": null,
            "zones": null
          },
          "sensitive_attributes": [
            [
              {
                "type": "get_attr",
                "value": "container"
              },
              {
                "type": "index",
                "value": {
                  "value": 0,
                  "type": "number"
                }
              },
              {
                "type": "get_attr",
                "value": "secure_environment_variables"
              }
            ],
            [
              {
                "type": "get_attr",
                "value": "container"
              },
              {
                "type": "index",
                "value": {
                  "value": 0,
                  "type": "number"
                }
              },
              {
                "type": "get_attr",
                "value": "environment_variables"
              },
              {
                "type": "index",
                "value": {
                  "value": "APPLICATIONINSIGHTS_CONNECTION_STRING",
                  "type": "string"
                }
              }
            ],
            [
              {
                "type": "get_attr",
                "value": "container"
              },
              {
                "type": "index",
                "value": {
                  "value": 1,
                  "type": "number"
                }
              },
              {
                "type": "get_attr",
                "value": "secure_environment_variables"
              }
            ],
            [
              {
                "type": "get_attr",
                "value": "image_registry_credential"
              },
              {
                "type": "index",
                "value": {
                  "value": 0,
                  "type": "number"
                }
              },
              {
                "type": "get_attr",
                "value": "password"
              }
            ]
          ],
          "private": "eyJlMmJmYjczMC1lY2FhLTExZTYtOGY4OC0zNDM2M2JjN2M0YzAiOnsiY3JlYXRlIjozNjAwMDAwMDAwMDAwLCJkZWxldGUiOjE4MDAwMDAwMDAwMDAsInJlYWQiOjMwMDAwMDAwMDAwMCwidXBkYXRlIjoxODAwMDAwMDAwMDAwfX0=",
          "dependencies": [
            "azurerm_application_insights.appli-insight-dev",
            "azurerm_container_registry.acr_equipe5",
            "azurerm_log_analytics_workspace.log_analytics_workspace_equipe5_dev",
            "azurerm_resource_group.rg",
            "random_pet.rg_name",
            "random_string.container_name",
            "random_string.container_name2"
          ]
        }
      ]
    },
    {
      "mode": "managed",
      "type": "azurerm_container_registry",
      "name": "acr_equipe5",
      "provider": "provider[\"registry.terraform.io/hashicorp/azurerm\"]",
      "instances": [
        {
          "schema_version": 2,
          "attributes": {
            "admin_enabled": true,
            "admin_password": "otTwilZD5RpWQABrx6OLaF8XY1lu7KXsuFwS2I1e51+ACRDFWVQq",
            "admin_username": "equipe5registry",
            "anonymous_pull_enabled": false,
            "data_endpoint_enabled": false,
            "encryption": [],
            "export_policy_enabled": true,
            "georeplications": [],
            "id": "/subscriptions/3313d9a6-ee55-4679-b244-97e3bd4facc0/resourceGroups/rg-hardy-mustang/providers/Microsoft.ContainerRegistry/registries/equipe5registry",
            "identity": [],
            "location": "eastus",
            "login_server": "equipe5registry.azurecr.io",
            "name": "equipe5registry",
            "network_rule_bypass_option": "AzureServices",
            "network_rule_set": [],
            "public_network_access_enabled": true,
            "quarantine_policy_enabled": false,
            "resource_group_name": "rg-hardy-mustang",
            "retention_policy_in_days": 0,
            "sku": "Basic",
            "tags": {},
            "timeouts": null,
            "trust_policy_enabled": false,
            "zone_redundancy_enabled": false
          },
          "sensitive_attributes": [
            [
              {
                "type": "get_attr",
                "value": "admin_password"
              }
            ]
          ],
          "private": "eyJlMmJmYjczMC1lY2FhLTExZTYtOGY4OC0zNDM2M2JjN2M0YzAiOnsiY3JlYXRlIjoxODAwMDAwMDAwMDAwLCJkZWxldGUiOjE4MDAwMDAwMDAwMDAsInJlYWQiOjMwMDAwMDAwMDAwMCwidXBkYXRlIjoxODAwMDAwMDAwMDAwfSwic2NoZW1hX3ZlcnNpb24iOiIyIn0=",
          "dependencies": [
            "azurerm_resource_group.rg",
            "random_pet.rg_name"
          ]
        }
      ]
    },
    {
      "mode": "managed",
      "type": "azurerm_log_analytics_workspace",
      "name": "log_analytics_workspace_equipe5_dev",
      "provider": "provider[\"registry.terraform.io/hashicorp/azurerm\"]",
      "instances": [
        {
          "schema_version": 3,
          "attributes": {
            "allow_resource_only_permissions": true,
            "cmk_for_query_forced": false,
            "daily_quota_gb": -1,
            "data_collection_rule_id": "",
            "id": "/subscriptions/3313d9a6-ee55-4679-b244-97e3bd4facc0/resourceGroups/rg-hardy-mustang/providers/Microsoft.OperationalInsights/workspaces/workspace-equipe5-dev",
            "identity": [],
            "immediate_data_purge_on_30_days_enabled": false,
            "internet_ingestion_enabled": true,
            "internet_query_enabled": true,
            "local_authentication_disabled": false,
            "location": "eastus",
            "name": "workspace-equipe5-dev",
            "primary_shared_key": "IhddC8KEEdp2aoXFQiioYMr6qQljCMNAaj7RvjfGGRY+Ve+OQq5CslL3N9P0YcEq7TEJtNSSKm6ulsbNdRmA8A==",
            "reservation_capacity_in_gb_per_day": null,
            "resource_group_name": "rg-hardy-mustang",
            "retention_in_days": 30,
            "secondary_shared_key": "uLG59U/I+FSyFRZK6y2X/S8P4XnTlSWDra6UlYXUCOtXGZRlYF4Yfjl2uU6hwTVHrXXEunDRzyhsMCV6QPYRnA==",
            "sku": "PerGB2018",
            "tags": {},
            "timeouts": null,
            "workspace_id": "0c332802-5a03-4c9e-a6aa-38d339a451cb"
          },
          "sensitive_attributes": [
            [
              {
                "type": "get_attr",
                "value": "secondary_shared_key"
              }
            ],
            [
              {
                "type": "get_attr",
                "value": "primary_shared_key"
              }
            ]
          ],
          "private": "eyJlMmJmYjczMC1lY2FhLTExZTYtOGY4OC0zNDM2M2JjN2M0YzAiOnsiY3JlYXRlIjoxODAwMDAwMDAwMDAwLCJkZWxldGUiOjE4MDAwMDAwMDAwMDAsInJlYWQiOjMwMDAwMDAwMDAwMCwidXBkYXRlIjoxODAwMDAwMDAwMDAwfSwic2NoZW1hX3ZlcnNpb24iOiIzIn0=",
          "dependencies": [
            "azurerm_resource_group.rg",
            "random_pet.rg_name"
          ]
        }
      ]
    },
    {
      "mode": "managed",
      "type": "azurerm_resource_group",
      "name": "rg",
      "provider": "provider[\"registry.terraform.io/hashicorp/azurerm\"]",
      "instances": [
        {
          "schema_version": 0,
          "attributes": {
            "id": "/subscriptions/3313d9a6-ee55-4679-b244-97e3bd4facc0/resourceGroups/rg-hardy-mustang",
            "location": "eastus",
            "managed_by": "",
            "name": "rg-hardy-mustang",
            "tags": {},
            "timeouts": null
          },
          "sensitive_attributes": [],
          "private": "eyJlMmJmYjczMC1lY2FhLTExZTYtOGY4OC0zNDM2M2JjN2M0YzAiOnsiY3JlYXRlIjo1NDAwMDAwMDAwMDAwLCJkZWxldGUiOjU0MDAwMDAwMDAwMDAsInJlYWQiOjMwMDAwMDAwMDAwMCwidXBkYXRlIjo1NDAwMDAwMDAwMDAwfX0=",
          "dependencies": [
            "random_pet.rg_name"
          ]
        }
      ]
    },
    {
      "mode": "managed",
      "type": "random_pet",
      "name": "rg_name",
      "provider": "provider[\"registry.terraform.io/hashicorp/random\"]",
      "instances": [
        {
          "schema_version": 0,
          "attributes": {
            "id": "rg-hardy-mustang",
            "keepers": null,
            "length": 2,
            "prefix": "rg",
            "separator": "-"
          },
          "sensitive_attributes": []
        }
      ]
    },
    {
      "mode": "managed",
      "type": "random_string",
      "name": "container_name",
      "provider": "provider[\"registry.terraform.io/hashicorp/random\"]",
      "instances": [
        {
          "schema_version": 2,
          "attributes": {
            "id": "c2y5iuu6lhy9bvj1sixcky83y",
            "keepers": null,
            "length": 25,
            "lower": true,
            "min_lower": 0,
            "min_numeric": 0,
            "min_special": 0,
            "min_upper": 0,
            "number": true,
            "numeric": true,
            "override_special": null,
            "result": "c2y5iuu6lhy9bvj1sixcky83y",
            "special": false,
            "upper": false
          },
          "sensitive_attributes": []
        }
      ]
    },
    {
      "mode": "managed",
      "type": "random_string",
      "name": "container_name2",
      "provider": "provider[\"registry.terraform.io/hashicorp/random\"]",
      "instances": [
        {
          "schema_version": 2,
          "attributes": {
            "id": "766myqm1xs1inl2wf8afhbzym",
            "keepers": null,
            "length": 25,
            "lower": true,
            "min_lower": 0,
            "min_numeric": 0,
            "min_special": 0,
            "min_upper": 0,
            "number": true,
            "numeric": true,
            "override_special": null,
            "result": "766myqm1xs1inl2wf8afhbzym",
            "special": false,
            "upper": false
          },
          "sensitive_attributes": []
        }
      ]
    }
  ],
  "check_results": [
    {
      "object_kind": "var",
      "config_addr": "var.restart_policy",
      "status": "pass",
      "objects": [
        {
          "object_addr": "var.restart_policy",
          "status": "pass"
        }
      ]
    }
  ]
}
